
Microsoft Visual Studio Solution File, Format Version 12.00
# Visual Studio 14
VisualStudioVersion = 14.0.24720.0
MinimumVisualStudioVersion = 10.0.40219.1
Project("{2150E333-8FDC-42A3-9474-1A3956D46DE8}") = "Data", "Data", "{1497364B-786B-48A2-BE09-279242E167F8}"
EndProject
Project("{FAE04EC0-301F-11D3-BF4B-00C04F79EFBC}") = "Keysme.Data", "Data\Keysme.Data\Keysme.Data.csproj", "{7EBCBDFE-8C1A-4D0F-BED4-34F8ADAA148A}"
EndProject
Project("{FAE04EC0-301F-11D3-BF4B-00C04F79EFBC}") = "Keysme.Data.Models", "Data\Keysme.Data.Models\Keysme.Data.Models.csproj", "{98EC3E35-01D8-43CC-B277-2243B995CB1A}"
EndProject
Project("{2150E333-8FDC-42A3-9474-1A3956D46DE8}") = "Services", "Services", "{F2218A93-8655-4E71-A82D-A76780A25A7E}"
EndProject
Project("{FAE04EC0-301F-11D3-BF4B-00C04F79EFBC}") = "Keysme.Services.Data", "Services\Keysme.Services.Data\Keysme.Services.Data.csproj", "{8A9BF3DB-C813-43A8-8E81-7C51F79037CF}"
EndProject
Project("{FAE04EC0-301F-11D3-BF4B-00C04F79EFBC}") = "Keysme.Web", "Keysme.Web\Keysme.Web.csproj", "{640F595C-DA0C-48CD-996E-D2D07680F8CC}"
EndProject
Project("{FAE04EC0-301F-11D3-BF4B-00C04F79EFBC}") = "Keysme.Global", "Keysme.Global\Keysme.Global.csproj", "{315916A9-6D85-451D-A4EC-E89419DB2574}"
EndProject
Project("{FAE04EC0-301F-11D3-BF4B-00C04F79EFBC}") = "WebApplication1", "WebApplication1\WebApplication1.csproj", "{E573EAA1-E996-42A2-B4BF-CB26A8DCE7F3}"
EndProject
Global
	GlobalSection(SolutionConfigurationPlatforms) = preSolution
		Debug|Any CPU = Debug|Any CPU
		Release|Any CPU = Release|Any CPU
	EndGlobalSection
	GlobalSection(ProjectConfigurationPlatforms) = postSolution
		{7EBCBDFE-8C1A-4D0F-BED4-34F8ADAA148A}.Debug|Any CPU.ActiveCfg = Debug|Any CPU
		{7EBCBDFE-8C1A-4D0F-BED4-34F8ADAA148A}.Debug|Any CPU.Build.0 = Debug|Any CPU
		{7EBCBDFE-8C1A-4D0F-BED4-34F8ADAA148A}.Release|Any CPU.ActiveCfg = Release|Any CPU
		{7EBCBDFE-8C1A-4D0F-BED4-34F8ADAA148A}.Release|Any CPU.Build.0 = Release|Any CPU
		{98EC3E35-01D8-43CC-B277-2243B995CB1A}.Debug|Any CPU.ActiveCfg = Debug|Any CPU
		{98EC3E35-01D8-43CC-B277-2243B995CB1A}.Debug|Any CPU.Build.0 = Debug|Any CPU
		{98EC3E35-01D8-43CC-B277-2243B995CB1A}.Release|Any CPU.ActiveCfg = Release|Any CPU
		{98EC3E35-01D8-43CC-B277-2243B995CB1A}.Release|Any CPU.Build.0 = Release|Any CPU
		{8A9BF3DB-C813-43A8-8E81-7C51F79037CF}.Debug|Any CPU.ActiveCfg = Debug|Any CPU
		{8A9BF3DB-C813-43A8-8E81-7C51F79037CF}.Debug|Any CPU.Build.0 = Debug|Any CPU
		{8A9BF3DB-C813-43A8-8E81-7C51F79037CF}.Release|Any CPU.ActiveCfg = Release|Any CPU
		{8A9BF3DB-C813-43A8-8E81-7C51F79037CF}.Release|Any CPU.Build.0 = Release|Any CPU
		{640F595C-DA0C-48CD-996E-D2D07680F8CC}.Debug|Any CPU.ActiveCfg = Debug|Any CPU
		{640F595C-DA0C-48CD-996E-D2D07680F8CC}.Debug|Any CPU.Build.0 = Debug|Any CPU
		{640F595C-DA0C-48CD-996E-D2D07680F8CC}.Release|Any CPU.ActiveCfg = Release|Any CPU
		{640F595C-DA0C-48CD-996E-D2D07680F8CC}.Release|Any CPU.Build.0 = Release|Any CPU
		{315916A9-6D85-451D-A4EC-E89419DB2574}.Debug|Any CPU.ActiveCfg = Debug|Any CPU
		{315916A9-6D85-451D-A4EC-E89419DB2574}.Debug|Any CPU.Build.0 = Debug|Any CPU
		{315916A9-6D85-451D-A4EC-E89419DB2574}.Release|Any CPU.ActiveCfg = Release|Any CPU
		{315916A9-6D85-451D-A4EC-E89419DB2574}.Release|Any CPU.Build.0 = Release|Any CPU
		{E573EAA1-E996-42A2-B4BF-CB26A8DCE7F3}.Debug|Any CPU.ActiveCfg = Debug|Any CPU
		{E573EAA1-E996-42A2-B4BF-CB26A8DCE7F3}.Debug|Any CPU.Build.0 = Debug|Any CPU
		{E573EAA1-E996-42A2-B4BF-CB26A8DCE7F3}.Release|Any CPU.ActiveCfg = Release|Any CPU
		{E573EAA1-E996-42A2-B4BF-CB26A8DCE7F3}.Release|Any CPU.Build.0 = Release|Any CPU
	EndGlobalSection
	GlobalSection(SolutionProperties) = preSolution
		HideSolutionNode = FALSE
	EndGlobalSection
	GlobalSection(NestedProjects) = preSolution
		{7EBCBDFE-8C1A-4D0F-BED4-34F8ADAA148A} = {1497364B-786B-48A2-BE09-279242E167F8}
		{98EC3E35-01D8-43CC-B277-2243B995CB1A} = {1497364B-786B-48A2-BE09-279242E167F8}
		{8A9BF3DB-C813-43A8-8E81-7C51F79037CF} = {F2218A93-8655-4E71-A82D-A76780A25A7E}
	EndGlobalSection
EndGlobal
